
Microsoft Visual Studio Solution File, Format Version 12.00
# Visual Studio Version 17
VisualStudioVersion = 17.13.35931.197 d17.13
MinimumVisualStudioVersion = 10.0.40219.1
Project("{8BC9CEB8-8B4A-11D0-8D11-00A0C91BC942}") = "Please just workuniproj", "Please just workuniproj\Please just workuniproj.vcxproj", "{50932FE5-154F-4D41-A5E3-E8324DF0022A}"
EndProject
Global
	GlobalSection(SolutionConfigurationPlatforms) = preSolution
		Debug|x64 = Debug|x64
		Debug|x86 = Debug|x86
		Release|x64 = Release|x64
		Release|x86 = Release|x86
	EndGlobalSection
	GlobalSection(ProjectConfigurationPlatforms) = postSolution
		{50932FE5-154F-4D41-A5E3-E8324DF0022A}.Debug|x64.ActiveCfg = Debug|x64
		{50932FE5-154F-4D41-A5E3-E8324DF0022A}.Debug|x64.Build.0 = Debug|x64
		{50932FE5-154F-4D41-A5E3-E8324DF0022A}.Debug|x86.ActiveCfg = Debug|Win32
		{50932FE5-154F-4D41-A5E3-E8324DF0022A}.Debug|x86.Build.0 = Debug|Win32
		{50932FE5-154F-4D41-A5E3-E8324DF0022A}.Release|x64.ActiveCfg = Release|x64
		{50932FE5-154F-4D41-A5E3-E8324DF0022A}.Release|x64.Build.0 = Release|x64
		{50932FE5-154F-4D41-A5E3-E8324DF0022A}.Release|x86.ActiveCfg = Release|Win32
		{50932FE5-154F-4D41-A5E3-E8324DF0022A}.Release|x86.Build.0 = Release|Win32
	EndGlobalSection
	GlobalSection(SolutionProperties) = preSolution
		HideSolutionNode = FALSE
	EndGlobalSection
	GlobalSection(ExtensibilityGlobals) = postSolution
		SolutionGuid = {FF35C249-2283-4A66-BDF7-A83859754723}
	EndGlobalSection
EndGlobal
